{
  "nodes": {
    "check-directory-structure": {
      "inputs": {
        "flake-parts": "flake-parts",
        "nixpkgs": [
          "nixpkgs"
        ],
        "treefmt-nix": "treefmt-nix"
      },
      "locked": {
        "dir": "python",
        "lastModified": 1733307913,
        "narHash": "sha256-ZDOG2Ccf6ZWgCUBjVk5BfuajAIau4MCYaOEivPSa+/Q=",
        "owner": "pbizopoulos",
        "repo": "check-directory-structure",
        "rev": "4cc19f708d6910fc8abf67ab500bf6be127de76c",
        "type": "github"
      },
      "original": {
        "dir": "python",
        "owner": "pbizopoulos",
        "repo": "check-directory-structure",
        "type": "github"
      }
    },
    "check-directory-structure_2": {
      "inputs": {
        "flake-parts": "flake-parts_2",
        "nixpkgs": [
          "check-readme",
          "nixpkgs"
        ],
        "treefmt-nix": "treefmt-nix_2"
      },
      "locked": {
        "dir": "python",
        "lastModified": 1732881261,
        "narHash": "sha256-eXliaw5XU2cXae2xg+axcYuLBVtcD/Pm+xE4uwHEOeM=",
        "owner": "pbizopoulos",
        "repo": "check-directory-structure",
        "rev": "06de38fec1eeb719f17349eb59e092b96d611fa2",
        "type": "github"
      },
      "original": {
        "dir": "python",
        "owner": "pbizopoulos",
        "repo": "check-directory-structure",
        "type": "github"
      }
    },
    "check-directory-structure_3": {
      "inputs": {
        "check-python-script": "check-python-script_2",
        "flake-parts": "flake-parts_4",
        "nixpkgs": [
          "check-readme",
          "check-python-script",
          "nixpkgs"
        ],
        "treefmt-nix": "treefmt-nix_4"
      },
      "locked": {
        "dir": "python",
        "lastModified": 1732794053,
        "narHash": "sha256-gCntQnqAZMkSuw/RoppokBS2MyHlEg88CW/mwUPELQ0=",
        "owner": "pbizopoulos",
        "repo": "check-directory-structure",
        "rev": "d4213a87aec84b80e950b98c8c4ff3ed04d2a1b9",
        "type": "github"
      },
      "original": {
        "dir": "python",
        "owner": "pbizopoulos",
        "repo": "check-directory-structure",
        "type": "github"
      }
    },
    "check-python-script": {
      "inputs": {
        "check-directory-structure": "check-directory-structure_3",
        "flake-parts": "flake-parts_5",
        "nixpkgs": [
          "check-readme",
          "nixpkgs"
        ],
        "treefmt-nix": "treefmt-nix_5"
      },
      "locked": {
        "dir": "python",
        "lastModified": 1732828445,
        "narHash": "sha256-Z/n07XznqHOPn/FD/09QcwwGJvSpD4FTcmNV/Q1Kqfw=",
        "owner": "pbizopoulos",
        "repo": "check-python-script",
        "rev": "c7d5a09f966888c5c1c35e5dad4ae8b816a563a3",
        "type": "github"
      },
      "original": {
        "dir": "python",
        "owner": "pbizopoulos",
        "repo": "check-python-script",
        "type": "github"
      }
    },
    "check-python-script_2": {
      "inputs": {
        "flake-parts": "flake-parts_3",
        "nixpkgs": [
          "check-readme",
          "check-python-script",
          "check-directory-structure",
          "nixpkgs"
        ],
        "treefmt-nix": "treefmt-nix_3"
      },
      "locked": {
        "dir": "python",
        "lastModified": 1732744743,
        "narHash": "sha256-CT+ZmQwdErKRcEmWOD7VZCaJ+5oMHsj181vV5qS2Zg4=",
        "owner": "pbizopoulos",
        "repo": "check-python-script",
        "rev": "29f067e826f3f18c9f75c3da9cefc61f4a2a7226",
        "type": "github"
      },
      "original": {
        "dir": "python",
        "owner": "pbizopoulos",
        "repo": "check-python-script",
        "type": "github"
      }
    },
    "check-readme": {
      "inputs": {
        "check-directory-structure": "check-directory-structure_2",
        "check-python-script": "check-python-script",
        "flake-parts": "flake-parts_6",
        "nixpkgs": [
          "nixpkgs"
        ],
        "treefmt-nix": "treefmt-nix_6"
      },
      "locked": {
        "dir": "python",
        "lastModified": 1732892625,
        "narHash": "sha256-IFwQ9evToHMAZYCc3FSikmxnmK25o6MyMea/JT6gTuA=",
        "owner": "pbizopoulos",
        "repo": "check-readme",
        "rev": "777510eb6893d12f80dcae388f01a3b74632535b",
        "type": "github"
      },
      "original": {
        "dir": "python",
        "owner": "pbizopoulos",
        "repo": "check-readme",
        "type": "github"
      }
    },
    "flake-parts": {
      "inputs": {
        "nixpkgs-lib": [
          "check-directory-structure",
          "nixpkgs"
        ]
      },
      "locked": {
        "lastModified": 1733269028,
        "narHash": "sha256-kVq/jAKKtbvWwbL9wf0SKDxtxsC5Gb+nlIYEFnyXhGA=",
        "owner": "hercules-ci",
        "repo": "flake-parts",
        "rev": "e37654df08605b510ad84eceaafcc7248495e843",
        "type": "github"
      },
      "original": {
        "owner": "hercules-ci",
        "repo": "flake-parts",
        "type": "github"
      }
    },
    "flake-parts_2": {
      "inputs": {
        "nixpkgs-lib": [
          "check-readme",
          "check-directory-structure",
          "nixpkgs"
        ]
      },
      "locked": {
        "lastModified": 1730504689,
        "narHash": "sha256-hgmguH29K2fvs9szpq2r3pz2/8cJd2LPS+b4tfNFCwE=",
        "owner": "hercules-ci",
        "repo": "flake-parts",
        "rev": "506278e768c2a08bec68eb62932193e341f55c90",
        "type": "github"
      },
      "original": {
        "owner": "hercules-ci",
        "repo": "flake-parts",
        "type": "github"
      }
    },
    "flake-parts_3": {
      "inputs": {
        "nixpkgs-lib": [
          "check-readme",
          "check-python-script",
          "check-directory-structure",
          "check-python-script",
          "nixpkgs"
        ]
      },
      "locked": {
        "lastModified": 1730504689,
        "narHash": "sha256-hgmguH29K2fvs9szpq2r3pz2/8cJd2LPS+b4tfNFCwE=",
        "owner": "hercules-ci",
        "repo": "flake-parts",
        "rev": "506278e768c2a08bec68eb62932193e341f55c90",
        "type": "github"
      },
      "original": {
        "owner": "hercules-ci",
        "repo": "flake-parts",
        "type": "github"
      }
    },
    "flake-parts_4": {
      "inputs": {
        "nixpkgs-lib": [
          "check-readme",
          "check-python-script",
          "check-directory-structure",
          "nixpkgs"
        ]
      },
      "locked": {
        "lastModified": 1730504689,
        "narHash": "sha256-hgmguH29K2fvs9szpq2r3pz2/8cJd2LPS+b4tfNFCwE=",
        "owner": "hercules-ci",
        "repo": "flake-parts",
        "rev": "506278e768c2a08bec68eb62932193e341f55c90",
        "type": "github"
      },
      "original": {
        "owner": "hercules-ci",
        "repo": "flake-parts",
        "type": "github"
      }
    },
    "flake-parts_5": {
      "inputs": {
        "nixpkgs-lib": [
          "check-readme",
          "check-python-script",
          "nixpkgs"
        ]
      },
      "locked": {
        "lastModified": 1730504689,
        "narHash": "sha256-hgmguH29K2fvs9szpq2r3pz2/8cJd2LPS+b4tfNFCwE=",
        "owner": "hercules-ci",
        "repo": "flake-parts",
        "rev": "506278e768c2a08bec68eb62932193e341f55c90",
        "type": "github"
      },
      "original": {
        "owner": "hercules-ci",
        "repo": "flake-parts",
        "type": "github"
      }
    },
    "flake-parts_6": {
      "inputs": {
        "nixpkgs-lib": [
          "check-readme",
          "nixpkgs"
        ]
      },
      "locked": {
        "lastModified": 1730504689,
        "narHash": "sha256-hgmguH29K2fvs9szpq2r3pz2/8cJd2LPS+b4tfNFCwE=",
        "owner": "hercules-ci",
        "repo": "flake-parts",
        "rev": "506278e768c2a08bec68eb62932193e341f55c90",
        "type": "github"
      },
      "original": {
        "owner": "hercules-ci",
        "repo": "flake-parts",
        "type": "github"
      }
    },
    "flake-parts_7": {
      "inputs": {
        "nixpkgs-lib": [
          "nixpkgs"
        ]
      },
      "locked": {
        "lastModified": 1730504689,
        "narHash": "sha256-hgmguH29K2fvs9szpq2r3pz2/8cJd2LPS+b4tfNFCwE=",
        "owner": "hercules-ci",
        "repo": "flake-parts",
        "rev": "506278e768c2a08bec68eb62932193e341f55c90",
        "type": "github"
      },
      "original": {
        "owner": "hercules-ci",
        "repo": "flake-parts",
        "type": "github"
      }
    },
    "nixpkgs": {
      "locked": {
        "lastModified": 1732521221,
        "narHash": "sha256-2ThgXBUXAE1oFsVATK1ZX9IjPcS4nKFOAjhPNKuiMn0=",
        "owner": "NixOS",
        "repo": "nixpkgs",
        "rev": "4633a7c72337ea8fd23a4f2ba3972865e3ec685d",
        "type": "github"
      },
      "original": {
        "owner": "NixOS",
        "ref": "nixos-unstable",
        "repo": "nixpkgs",
        "type": "github"
      }
    },
    "root": {
      "inputs": {
        "check-directory-structure": "check-directory-structure",
        "check-readme": "check-readme",
        "flake-parts": "flake-parts_7",
        "nixpkgs": "nixpkgs",
        "treefmt-nix": "treefmt-nix_7"
      }
    },
    "treefmt-nix": {
      "inputs": {
        "nixpkgs": [
          "check-directory-structure",
          "nixpkgs"
        ]
      },
      "locked": {
        "lastModified": 1733222881,
        "narHash": "sha256-JIPcz1PrpXUCbaccEnrcUS8jjEb/1vJbZz5KkobyFdM=",
        "owner": "numtide",
        "repo": "treefmt-nix",
        "rev": "49717b5af6f80172275d47a418c9719a31a78b53",
        "type": "github"
      },
      "original": {
        "owner": "numtide",
        "repo": "treefmt-nix",
        "type": "github"
      }
    },
    "treefmt-nix_2": {
      "inputs": {
        "nixpkgs": [
          "check-readme",
          "check-directory-structure",
          "nixpkgs"
        ]
      },
      "locked": {
        "lastModified": 1732643199,
        "narHash": "sha256-uI7TXEb231o8dkwB5AUCecx3AQtosRmL6hKgnckvjps=",
        "owner": "numtide",
        "repo": "treefmt-nix",
        "rev": "84637a7ab04179bdc42aa8fd0af1909fba76ad0c",
        "type": "github"
      },
      "original": {
        "owner": "numtide",
        "repo": "treefmt-nix",
        "type": "github"
      }
    },
    "treefmt-nix_3": {
      "inputs": {
        "nixpkgs": [
          "check-readme",
          "check-python-script",
          "check-directory-structure",
          "check-python-script",
          "nixpkgs"
        ]
      },
      "locked": {
        "lastModified": 1732292307,
        "narHash": "sha256-5WSng844vXt8uytT5djmqBCkopyle6ciFgteuA9bJpw=",
        "owner": "numtide",
        "repo": "treefmt-nix",
        "rev": "705df92694af7093dfbb27109ce16d828a79155f",
        "type": "github"
      },
      "original": {
        "owner": "numtide",
        "repo": "treefmt-nix",
        "type": "github"
      }
    },
    "treefmt-nix_4": {
      "inputs": {
        "nixpkgs": [
          "check-readme",
          "check-python-script",
          "check-directory-structure",
          "nixpkgs"
        ]
      },
      "locked": {
        "lastModified": 1732643199,
        "narHash": "sha256-uI7TXEb231o8dkwB5AUCecx3AQtosRmL6hKgnckvjps=",
        "owner": "numtide",
        "repo": "treefmt-nix",
        "rev": "84637a7ab04179bdc42aa8fd0af1909fba76ad0c",
        "type": "github"
      },
      "original": {
        "owner": "numtide",
        "repo": "treefmt-nix",
        "type": "github"
      }
    },
    "treefmt-nix_5": {
      "inputs": {
        "nixpkgs": [
          "check-readme",
          "check-python-script",
          "nixpkgs"
        ]
      },
      "locked": {
        "lastModified": 1732643199,
        "narHash": "sha256-uI7TXEb231o8dkwB5AUCecx3AQtosRmL6hKgnckvjps=",
        "owner": "numtide",
        "repo": "treefmt-nix",
        "rev": "84637a7ab04179bdc42aa8fd0af1909fba76ad0c",
        "type": "github"
      },
      "original": {
        "owner": "numtide",
        "repo": "treefmt-nix",
        "type": "github"
      }
    },
    "treefmt-nix_6": {
      "inputs": {
        "nixpkgs": [
          "check-readme",
          "nixpkgs"
        ]
      },
      "locked": {
        "lastModified": 1732643199,
        "narHash": "sha256-uI7TXEb231o8dkwB5AUCecx3AQtosRmL6hKgnckvjps=",
        "owner": "numtide",
        "repo": "treefmt-nix",
        "rev": "84637a7ab04179bdc42aa8fd0af1909fba76ad0c",
        "type": "github"
      },
      "original": {
        "owner": "numtide",
        "repo": "treefmt-nix",
        "type": "github"
      }
    },
    "treefmt-nix_7": {
      "inputs": {
        "nixpkgs": [
          "nixpkgs"
        ]
      },
      "locked": {
        "lastModified": 1732643199,
        "narHash": "sha256-uI7TXEb231o8dkwB5AUCecx3AQtosRmL6hKgnckvjps=",
        "owner": "numtide",
        "repo": "treefmt-nix",
        "rev": "84637a7ab04179bdc42aa8fd0af1909fba76ad0c",
        "type": "github"
      },
      "original": {
        "owner": "numtide",
        "repo": "treefmt-nix",
        "type": "github"
      }
    }
  },
  "root": "root",
  "version": 7
}
